
Microsoft Visual Studio Solution File, Format Version 12.00
# Visual Studio Version 17
VisualStudioVersion = 17.12.35514.174
MinimumVisualStudioVersion = 10.0.40219.1
Project("{FAE04EC0-301F-11D3-BF4B-00C04F79EFBC}") = "TwoSum", "TwoSum\TwoSum.csproj", "{489CECE0-E3F6-4507-BD3E-79C6672817C1}"
EndProject
Project("{2150E333-8FDC-42A3-9474-1A3956D46DE8}") = "Solution Items", "Solution Items", "{141BD38A-C710-42DE-B27F-75977571687D}"
	ProjectSection(SolutionItems) = preProject
		.gitignore = .gitignore
	EndProjectSection
EndProject
Project("{FAE04EC0-301F-11D3-BF4B-00C04F79EFBC}") = "LetterCombinationsOfPhoneNum", "LetterCombinationsOfPhoneNum\LetterCombinationsOfPhoneNum.csproj", "{5E3DEBE1-1AD7-408D-9400-9C0925C90073}"
EndProject
Project("{FAE04EC0-301F-11D3-BF4B-00C04F79EFBC}") = "AddTwoNumbers-LinkedLists", "AddTwoNumbers-LinkedLists\AddTwoNumbers-LinkedLists.csproj", "{57693393-C790-44B0-BD38-B12A6DEFAD08}"
EndProject
Project("{2150E333-8FDC-42A3-9474-1A3956D46DE8}") = "22 - Generate Parentheses", "22 - Generate Parentheses", "{631A0093-35D1-46A5-8827-92A3759999A2}"
	ProjectSection(SolutionItems) = preProject
		GenerateParentheses.cs = GenerateParentheses.cs
	EndProjectSection
EndProject
Project("{FAE04EC0-301F-11D3-BF4B-00C04F79EFBC}") = "CombinationSum", "CombinationSum\CombinationSum.csproj", "{6C9A9866-F3C9-49AF-A105-7FB98613740B}"
EndProject
Global
	GlobalSection(SolutionConfigurationPlatforms) = preSolution
		Debug|Any CPU = Debug|Any CPU
		Release|Any CPU = Release|Any CPU
	EndGlobalSection
	GlobalSection(ProjectConfigurationPlatforms) = postSolution
		{489CECE0-E3F6-4507-BD3E-79C6672817C1}.Debug|Any CPU.ActiveCfg = Debug|Any CPU
		{489CECE0-E3F6-4507-BD3E-79C6672817C1}.Debug|Any CPU.Build.0 = Debug|Any CPU
		{489CECE0-E3F6-4507-BD3E-79C6672817C1}.Release|Any CPU.ActiveCfg = Release|Any CPU
		{489CECE0-E3F6-4507-BD3E-79C6672817C1}.Release|Any CPU.Build.0 = Release|Any CPU
		{5E3DEBE1-1AD7-408D-9400-9C0925C90073}.Debug|Any CPU.ActiveCfg = Debug|Any CPU
		{5E3DEBE1-1AD7-408D-9400-9C0925C90073}.Debug|Any CPU.Build.0 = Debug|Any CPU
		{5E3DEBE1-1AD7-408D-9400-9C0925C90073}.Release|Any CPU.ActiveCfg = Release|Any CPU
		{5E3DEBE1-1AD7-408D-9400-9C0925C90073}.Release|Any CPU.Build.0 = Release|Any CPU
		{57693393-C790-44B0-BD38-B12A6DEFAD08}.Debug|Any CPU.ActiveCfg = Debug|Any CPU
		{57693393-C790-44B0-BD38-B12A6DEFAD08}.Debug|Any CPU.Build.0 = Debug|Any CPU
		{57693393-C790-44B0-BD38-B12A6DEFAD08}.Release|Any CPU.ActiveCfg = Release|Any CPU
		{57693393-C790-44B0-BD38-B12A6DEFAD08}.Release|Any CPU.Build.0 = Release|Any CPU
		{6C9A9866-F3C9-49AF-A105-7FB98613740B}.Debug|Any CPU.ActiveCfg = Debug|Any CPU
		{6C9A9866-F3C9-49AF-A105-7FB98613740B}.Debug|Any CPU.Build.0 = Debug|Any CPU
		{6C9A9866-F3C9-49AF-A105-7FB98613740B}.Release|Any CPU.ActiveCfg = Release|Any CPU
		{6C9A9866-F3C9-49AF-A105-7FB98613740B}.Release|Any CPU.Build.0 = Release|Any CPU
	EndGlobalSection
	GlobalSection(SolutionProperties) = preSolution
		HideSolutionNode = FALSE
	EndGlobalSection
EndGlobal
